// !$*UTF8*$!
{
	archiveVersion = 1;
	classes = {
	};
	objectVersion = 46;
	objects = {

/* Begin PBXBuildFile section */
		1B8A9C9941214F22BA322B4C /* libPods.a in Frameworks */ = {isa = PBXBuildFile; fileRef = 0FA73108D6D4418FAC213F73 /* libPods.a */; };
		AE1C144316C550AE00B7853D /* default.css in Resources */ = {isa = PBXBuildFile; fileRef = AE1C144216C550AE00B7853D /* default.css */; };
		AE1C144516C550CF00B7853D /* tableView.scss in Resources */ = {isa = PBXBuildFile; fileRef = AE1C144416C550CF00B7853D /* tableView.scss */; };
		AE770A1716C43694009888C2 /* UIKit.framework in Frameworks */ = {isa = PBXBuildFile; fileRef = AE770A1616C43694009888C2 /* UIKit.framework */; };
		AE770A1916C43694009888C2 /* Foundation.framework in Frameworks */ = {isa = PBXBuildFile; fileRef = AE770A1816C43694009888C2 /* Foundation.framework */; };
		AE770A1B16C43694009888C2 /* CoreGraphics.framework in Frameworks */ = {isa = PBXBuildFile; fileRef = AE770A1A16C43694009888C2 /* CoreGraphics.framework */; };
		AE770A2116C43694009888C2 /* InfoPlist.strings in Resources */ = {isa = PBXBuildFile; fileRef = AE770A1F16C43694009888C2 /* InfoPlist.strings */; };
		AE770A2316C43694009888C2 /* main.m in Sources */ = {isa = PBXBuildFile; fileRef = AE770A2216C43694009888C2 /* main.m */; };
		AE770A2716C43694009888C2 /* AppDelegate.m in Sources */ = {isa = PBXBuildFile; fileRef = AE770A2616C43694009888C2 /* AppDelegate.m */; };
		AE770A2916C43694009888C2 /* Default.png in Resources */ = {isa = PBXBuildFile; fileRef = AE770A2816C43694009888C2 /* Default.png */; };
		AE770A2B16C43694009888C2 /* Default@2x.png in Resources */ = {isa = PBXBuildFile; fileRef = AE770A2A16C43694009888C2 /* Default@2x.png */; };
		AE770A2D16C43694009888C2 /* Default-568h@2x.png in Resources */ = {isa = PBXBuildFile; fileRef = AE770A2C16C43694009888C2 /* Default-568h@2x.png */; };
		AE770A3016C43694009888C2 /* ViewController.m in Sources */ = {isa = PBXBuildFile; fileRef = AE770A2F16C43694009888C2 /* ViewController.m */; };
		AE770A3316C43695009888C2 /* ViewController.xib in Resources */ = {isa = PBXBuildFile; fileRef = AE770A3116C43695009888C2 /* ViewController.xib */; };
		AE770A3C16C437B9009888C2 /* MappingProvider.m in Sources */ = {isa = PBXBuildFile; fileRef = AE770A3B16C437B9009888C2 /* MappingProvider.m */; };
		AE770A3F16C437E0009888C2 /* ICDRootClass.m in Sources */ = {isa = PBXBuildFile; fileRef = AE770A3E16C437E0009888C2 /* ICDRootClass.m */; };
		AE770A4516C44513009888C2 /* NSString+HTML.m in Sources */ = {isa = PBXBuildFile; fileRef = AE770A4416C44513009888C2 /* NSString+HTML.m */; settings = {COMPILER_FLAGS = "-fno-objc-arc"; }; };
		AE770A4916C44D1E009888C2 /* GTMNSString+HTML.m in Sources */ = {isa = PBXBuildFile; fileRef = AE770A4816C44D1E009888C2 /* GTMNSString+HTML.m */; settings = {COMPILER_FLAGS = "-fno-objc-arc"; }; };
		AE770A4C16C44E7F009888C2 /* NSString+HTMLStrip.m in Sources */ = {isa = PBXBuildFile; fileRef = AE770A4B16C44E7F009888C2 /* NSString+HTMLStrip.m */; };
		AEB748C016C573BE00903E40 /* PXEngine.framework in Frameworks */ = {isa = PBXBuildFile; fileRef = AEB748BF16C573BE00903E40 /* PXEngine.framework */; };
		AEB748C416C5760000903E40 /* navigationBar.scss in Resources */ = {isa = PBXBuildFile; fileRef = AEB748C316C5760000903E40 /* navigationBar.scss */; };
		AEB748C616C586E900903E40 /* testing.out-scss in Resources */ = {isa = PBXBuildFile; fileRef = AEB748C516C586E900903E40 /* testing.out-scss */; };
		AEDF8C5716C58A3E00B5BCCE /* TableCell.xib in Resources */ = {isa = PBXBuildFile; fileRef = AEDF8C5616C58A3E00B5BCCE /* TableCell.xib */; };
		AEDF8C5A16C58A6100B5BCCE /* TableCell.m in Sources */ = {isa = PBXBuildFile; fileRef = AEDF8C5916C58A6100B5BCCE /* TableCell.m */; };
/* End PBXBuildFile section */

/* Begin PBXBuildRule section */
		AE1C144016C54F4200B7853D /* PBXBuildRule */ = {
			isa = PBXBuildRule;
			compilerSpec = com.apple.compilers.proxy.script;
			filePatterns = "*.scss";
			fileType = pattern.proxy;
			isEditable = 1;
			outputFiles = (
				"${TARGET_BUILD_DIR}/${INPUT_FILE_BASE}.css",
			);
			script = "source /Users/${USER}/.rvm/environments/default\n${GEM_HOME}/bin/sass ${INPUT_FILE_PATH} ${TARGET_BUILD_DIR}/${INPUT_FILE_BASE}.css";
		};
/* End PBXBuildRule section */

/* Begin PBXFileReference section */
		0FA73108D6D4418FAC213F73 /* libPods.a */ = {isa = PBXFileReference; explicitFileType = archive.ar; includeInIndex = 0; path = libPods.a; sourceTree = BUILT_PRODUCTS_DIR; };
		76F3DFE07BA54FB8BB41F64F /* Pods.xcconfig */ = {isa = PBXFileReference; includeInIndex = 1; lastKnownFileType = text.xcconfig; name = Pods.xcconfig; path = Pods/Pods.xcconfig; sourceTree = SOURCE_ROOT; };
		AE1C144216C550AE00B7853D /* default.css */ = {isa = PBXFileReference; fileEncoding = 4; lastKnownFileType = text.css; path = default.css; sourceTree = "<group>"; };
		AE1C144416C550CF00B7853D /* tableView.scss */ = {isa = PBXFileReference; fileEncoding = 4; lastKnownFileType = text; path = tableView.scss; sourceTree = "<group>"; };
		AE770A1316C43694009888C2 /* who-icd.app */ = {isa = PBXFileReference; explicitFileType = wrapper.application; includeInIndex = 0; path = "who-icd.app"; sourceTree = BUILT_PRODUCTS_DIR; };
		AE770A1616C43694009888C2 /* UIKit.framework */ = {isa = PBXFileReference; lastKnownFileType = wrapper.framework; name = UIKit.framework; path = System/Library/Frameworks/UIKit.framework; sourceTree = SDKROOT; };
		AE770A1816C43694009888C2 /* Foundation.framework */ = {isa = PBXFileReference; lastKnownFileType = wrapper.framework; name = Foundation.framework; path = System/Library/Frameworks/Foundation.framework; sourceTree = SDKROOT; };
		AE770A1A16C43694009888C2 /* CoreGraphics.framework */ = {isa = PBXFileReference; lastKnownFileType = wrapper.framework; name = CoreGraphics.framework; path = System/Library/Frameworks/CoreGraphics.framework; sourceTree = SDKROOT; };
		AE770A1E16C43694009888C2 /* who-icd-Info.plist */ = {isa = PBXFileReference; lastKnownFileType = text.plist.xml; path = "who-icd-Info.plist"; sourceTree = "<group>"; };
		AE770A2016C43694009888C2 /* en */ = {isa = PBXFileReference; lastKnownFileType = text.plist.strings; name = en; path = en.lproj/InfoPlist.strings; sourceTree = "<group>"; };
		AE770A2216C43694009888C2 /* main.m */ = {isa = PBXFileReference; lastKnownFileType = sourcecode.c.objc; path = main.m; sourceTree = "<group>"; };
		AE770A2416C43694009888C2 /* who-icd-Prefix.pch */ = {isa = PBXFileReference; lastKnownFileType = sourcecode.c.h; path = "who-icd-Prefix.pch"; sourceTree = "<group>"; };
		AE770A2516C43694009888C2 /* AppDelegate.h */ = {isa = PBXFileReference; lastKnownFileType = sourcecode.c.h; path = AppDelegate.h; sourceTree = "<group>"; };
		AE770A2616C43694009888C2 /* AppDelegate.m */ = {isa = PBXFileReference; lastKnownFileType = sourcecode.c.objc; path = AppDelegate.m; sourceTree = "<group>"; };
		AE770A2816C43694009888C2 /* Default.png */ = {isa = PBXFileReference; lastKnownFileType = image.png; path = Default.png; sourceTree = "<group>"; };
		AE770A2A16C43694009888C2 /* Default@2x.png */ = {isa = PBXFileReference; lastKnownFileType = image.png; path = "Default@2x.png"; sourceTree = "<group>"; };
		AE770A2C16C43694009888C2 /* Default-568h@2x.png */ = {isa = PBXFileReference; lastKnownFileType = image.png; path = "Default-568h@2x.png"; sourceTree = "<group>"; };
		AE770A2E16C43694009888C2 /* ViewController.h */ = {isa = PBXFileReference; lastKnownFileType = sourcecode.c.h; path = ViewController.h; sourceTree = "<group>"; };
		AE770A2F16C43694009888C2 /* ViewController.m */ = {isa = PBXFileReference; lastKnownFileType = sourcecode.c.objc; path = ViewController.m; sourceTree = "<group>"; };
		AE770A3216C43695009888C2 /* en */ = {isa = PBXFileReference; lastKnownFileType = file.xib; name = en; path = en.lproj/ViewController.xib; sourceTree = "<group>"; };
		AE770A3A16C437B9009888C2 /* MappingProvider.h */ = {isa = PBXFileReference; fileEncoding = 4; lastKnownFileType = sourcecode.c.h; path = MappingProvider.h; sourceTree = "<group>"; };
		AE770A3B16C437B9009888C2 /* MappingProvider.m */ = {isa = PBXFileReference; fileEncoding = 4; lastKnownFileType = sourcecode.c.objc; path = MappingProvider.m; sourceTree = "<group>"; };
		AE770A3D16C437E0009888C2 /* ICDRootClass.h */ = {isa = PBXFileReference; fileEncoding = 4; lastKnownFileType = sourcecode.c.h; path = ICDRootClass.h; sourceTree = "<group>"; };
		AE770A3E16C437E0009888C2 /* ICDRootClass.m */ = {isa = PBXFileReference; fileEncoding = 4; lastKnownFileType = sourcecode.c.objc; path = ICDRootClass.m; sourceTree = "<group>"; };
		AE770A4316C44513009888C2 /* NSString+HTML.h */ = {isa = PBXFileReference; fileEncoding = 4; lastKnownFileType = sourcecode.c.h; path = "NSString+HTML.h"; sourceTree = "<group>"; };
		AE770A4416C44513009888C2 /* NSString+HTML.m */ = {isa = PBXFileReference; fileEncoding = 4; lastKnownFileType = sourcecode.c.objc; path = "NSString+HTML.m"; sourceTree = "<group>"; };
		AE770A4716C44D1E009888C2 /* GTMNSString+HTML.h */ = {isa = PBXFileReference; fileEncoding = 4; lastKnownFileType = sourcecode.c.h; path = "GTMNSString+HTML.h"; sourceTree = "<group>"; };
		AE770A4816C44D1E009888C2 /* GTMNSString+HTML.m */ = {isa = PBXFileReference; fileEncoding = 4; lastKnownFileType = sourcecode.c.objc; path = "GTMNSString+HTML.m"; sourceTree = "<group>"; };
		AE770A4A16C44E7F009888C2 /* NSString+HTMLStrip.h */ = {isa = PBXFileReference; fileEncoding = 4; lastKnownFileType = sourcecode.c.h; path = "NSString+HTMLStrip.h"; sourceTree = "<group>"; };
		AE770A4B16C44E7F009888C2 /* NSString+HTMLStrip.m */ = {isa = PBXFileReference; fileEncoding = 4; lastKnownFileType = sourcecode.c.objc; path = "NSString+HTMLStrip.m"; sourceTree = "<group>"; };
		AEB748BF16C573BE00903E40 /* PXEngine.framework */ = {isa = PBXFileReference; lastKnownFileType = wrapper.framework; path = PXEngine.framework; sourceTree = "<group>"; };
		AEB748C216C574A700903E40 /* PXEngineLicense.h */ = {isa = PBXFileReference; fileEncoding = 4; lastKnownFileType = sourcecode.c.h; path = PXEngineLicense.h; sourceTree = "<group>"; };
		AEB748C316C5760000903E40 /* navigationBar.scss */ = {isa = PBXFileReference; fileEncoding = 4; lastKnownFileType = text; path = navigationBar.scss; sourceTree = "<group>"; };
		AEB748C516C586E900903E40 /* testing.out-scss */ = {isa = PBXFileReference; fileEncoding = 4; lastKnownFileType = text; path = "testing.out-scss"; sourceTree = "<group>"; };
		AEDF8C5616C58A3E00B5BCCE /* TableCell.xib */ = {isa = PBXFileReference; fileEncoding = 4; lastKnownFileType = file.xib; path = TableCell.xib; sourceTree = "<group>"; };
		AEDF8C5816C58A6100B5BCCE /* TableCell.h */ = {isa = PBXFileReference; fileEncoding = 4; lastKnownFileType = sourcecode.c.h; path = TableCell.h; sourceTree = "<group>"; };
		AEDF8C5916C58A6100B5BCCE /* TableCell.m */ = {isa = PBXFileReference; fileEncoding = 4; lastKnownFileType = sourcecode.c.objc; path = TableCell.m; sourceTree = "<group>"; };
/* End PBXFileReference section */

/* Begin PBXFrameworksBuildPhase section */
		AE770A1016C43694009888C2 /* Frameworks */ = {
			isa = PBXFrameworksBuildPhase;
			buildActionMask = 2147483647;
			files = (
				AE770A1716C43694009888C2 /* UIKit.framework in Frameworks */,
				AE770A1916C43694009888C2 /* Foundation.framework in Frameworks */,
				AE770A1B16C43694009888C2 /* CoreGraphics.framework in Frameworks */,
				1B8A9C9941214F22BA322B4C /* libPods.a in Frameworks */,
				AEB748C016C573BE00903E40 /* PXEngine.framework in Frameworks */,
			);
			runOnlyForDeploymentPostprocessing = 0;
		};
/* End PBXFrameworksBuildPhase section */

/* Begin PBXGroup section */
		AE1C144116C54F8200B7853D /* CSS */ = {
			isa = PBXGroup;
			children = (
				AE1C144216C550AE00B7853D /* default.css */,
				AE1C144416C550CF00B7853D /* tableView.scss */,
				AEB748C516C586E900903E40 /* testing.out-scss */,
				AEB748C316C5760000903E40 /* navigationBar.scss */,
			);
			name = CSS;
			path = ..;
			sourceTree = "<group>";
		};
		AE770A0A16C43694009888C2 = {
			isa = PBXGroup;
			children = (
				AE770A1C16C43694009888C2 /* who-icd */,
				AE770A1516C43694009888C2 /* Frameworks */,
				AE770A1416C43694009888C2 /* Products */,
				76F3DFE07BA54FB8BB41F64F /* Pods.xcconfig */,
			);
			sourceTree = "<group>";
		};
		AE770A1416C43694009888C2 /* Products */ = {
			isa = PBXGroup;
			children = (
				AE770A1316C43694009888C2 /* who-icd.app */,
			);
			name = Products;
			sourceTree = "<group>";
		};
		AE770A1516C43694009888C2 /* Frameworks */ = {
			isa = PBXGroup;
			children = (
				AEB748BF16C573BE00903E40 /* PXEngine.framework */,
				AE770A1616C43694009888C2 /* UIKit.framework */,
				AE770A1816C43694009888C2 /* Foundation.framework */,
				AE770A1A16C43694009888C2 /* CoreGraphics.framework */,
				0FA73108D6D4418FAC213F73 /* libPods.a */,
			);
			name = Frameworks;
			sourceTree = "<group>";
		};
		AE770A1C16C43694009888C2 /* who-icd */ = {
			isa = PBXGroup;
			children = (
				AE1C144116C54F8200B7853D /* CSS */,
				AE770A4616C44CF1009888C2 /* Categories */,
				AE770A3916C4379F009888C2 /* Model */,
				AEDF8C5516C5897900B5BCCE /* View */,
				AE770A2516C43694009888C2 /* AppDelegate.h */,
				AE770A2616C43694009888C2 /* AppDelegate.m */,
				AE770A1D16C43694009888C2 /* Supporting Files */,
			);
			path = "who-icd";
			sourceTree = "<group>";
		};
		AE770A1D16C43694009888C2 /* Supporting Files */ = {
			isa = PBXGroup;
			children = (
				AE770A1E16C43694009888C2 /* who-icd-Info.plist */,
				AE770A1F16C43694009888C2 /* InfoPlist.strings */,
				AE770A2216C43694009888C2 /* main.m */,
				AE770A2416C43694009888C2 /* who-icd-Prefix.pch */,
				AE770A2816C43694009888C2 /* Default.png */,
				AE770A2A16C43694009888C2 /* Default@2x.png */,
				AE770A2C16C43694009888C2 /* Default-568h@2x.png */,
				AEB748C216C574A700903E40 /* PXEngineLicense.h */,
			);
			name = "Supporting Files";
			sourceTree = "<group>";
		};
		AE770A3916C4379F009888C2 /* Model */ = {
			isa = PBXGroup;
			children = (
				AE770A3A16C437B9009888C2 /* MappingProvider.h */,
				AE770A3B16C437B9009888C2 /* MappingProvider.m */,
				AE770A3D16C437E0009888C2 /* ICDRootClass.h */,
				AE770A3E16C437E0009888C2 /* ICDRootClass.m */,
			);
			name = Model;
			sourceTree = "<group>";
		};
		AE770A4616C44CF1009888C2 /* Categories */ = {
			isa = PBXGroup;
			children = (
				AE770A4316C44513009888C2 /* NSString+HTML.h */,
				AE770A4416C44513009888C2 /* NSString+HTML.m */,
				AE770A4A16C44E7F009888C2 /* NSString+HTMLStrip.h */,
				AE770A4B16C44E7F009888C2 /* NSString+HTMLStrip.m */,
				AE770A4716C44D1E009888C2 /* GTMNSString+HTML.h */,
				AE770A4816C44D1E009888C2 /* GTMNSString+HTML.m */,
			);
			name = Categories;
			sourceTree = "<group>";
		};
		AEDF8C5516C5897900B5BCCE /* View */ = {
			isa = PBXGroup;
			children = (
				AE770A2E16C43694009888C2 /* ViewController.h */,
				AE770A2F16C43694009888C2 /* ViewController.m */,
				AE770A3116C43695009888C2 /* ViewController.xib */,
				AEDF8C5616C58A3E00B5BCCE /* TableCell.xib */,
				AEDF8C5816C58A6100B5BCCE /* TableCell.h */,
				AEDF8C5916C58A6100B5BCCE /* TableCell.m */,
			);
			name = View;
			sourceTree = "<group>";
		};
/* End PBXGroup section */

/* Begin PBXNativeTarget section */
		AE770A1216C43694009888C2 /* who-icd */ = {
			isa = PBXNativeTarget;
			buildConfigurationList = AE770A3616C43695009888C2 /* Build configuration list for PBXNativeTarget "who-icd" */;
			buildPhases = (
				AE770A0F16C43694009888C2 /* Sources */,
				AE770A1016C43694009888C2 /* Frameworks */,
				AE770A1116C43694009888C2 /* Resources */,
				62FCF5726E2E477DA244B636 /* Copy Pods Resources */,
			);
			buildRules = (
				AE1C144016C54F4200B7853D /* PBXBuildRule */,
			);
			dependencies = (
			);
			name = "who-icd";
			productName = "who-icd";
			productReference = AE770A1316C43694009888C2 /* who-icd.app */;
			productType = "com.apple.product-type.application";
		};
/* End PBXNativeTarget section */

/* Begin PBXProject section */
		AE770A0B16C43694009888C2 /* Project object */ = {
			isa = PBXProject;
			attributes = {
				LastUpgradeCheck = 0460;
				ORGANIZATIONNAME = "E. Kevin Hall";
			};
			buildConfigurationList = AE770A0E16C43694009888C2 /* Build configuration list for PBXProject "who-icd" */;
			compatibilityVersion = "Xcode 3.2";
			developmentRegion = English;
			hasScannedForEncodings = 0;
			knownRegions = (
				en,
			);
			mainGroup = AE770A0A16C43694009888C2;
			productRefGroup = AE770A1416C43694009888C2 /* Products */;
			projectDirPath = "";
			projectRoot = "";
			targets = (
				AE770A1216C43694009888C2 /* who-icd */,
			);
		};
/* End PBXProject section */

/* Begin PBXResourcesBuildPhase section */
		AE770A1116C43694009888C2 /* Resources */ = {
			isa = PBXResourcesBuildPhase;
			buildActionMask = 2147483647;
			files = (
				AE770A2116C43694009888C2 /* InfoPlist.strings in Resources */,
				AE770A2916C43694009888C2 /* Default.png in Resources */,
				AE770A2B16C43694009888C2 /* Default@2x.png in Resources */,
				AE770A2D16C43694009888C2 /* Default-568h@2x.png in Resources */,
				AE770A3316C43695009888C2 /* ViewController.xib in Resources */,
				AE1C144316C550AE00B7853D /* default.css in Resources */,
				AE1C144516C550CF00B7853D /* tableView.scss in Resources */,
				AEB748C416C5760000903E40 /* navigationBar.scss in Resources */,
				AEB748C616C586E900903E40 /* testing.out-scss in Resources */,
				AEDF8C5716C58A3E00B5BCCE /* TableCell.xib in Resources */,
			);
			runOnlyForDeploymentPostprocessing = 0;
		};
/* End PBXResourcesBuildPhase section */

/* Begin PBXShellScriptBuildPhase section */
		62FCF5726E2E477DA244B636 /* Copy Pods Resources */ = {
			isa = PBXShellScriptBuildPhase;
			buildActionMask = 2147483647;
			files = (
			);
			inputPaths = (
			);
			name = "Copy Pods Resources";
			outputPaths = (
			);
			runOnlyForDeploymentPostprocessing = 0;
			shellPath = /bin/sh;
			shellScript = "\"${SRCROOT}/Pods/Pods-resources.sh\"\n";
		};
/* End PBXShellScriptBuildPhase section */

/* Begin PBXSourcesBuildPhase section */
		AE770A0F16C43694009888C2 /* Sources */ = {
			isa = PBXSourcesBuildPhase;
			buildActionMask = 2147483647;
			files = (
				AE770A2316C43694009888C2 /* main.m in Sources */,
				AE770A2716C43694009888C2 /* AppDelegate.m in Sources */,
				AE770A3016C43694009888C2 /* ViewController.m in Sources */,
				AE770A3C16C437B9009888C2 /* MappingProvider.m in Sources */,
				AE770A3F16C437E0009888C2 /* ICDRootClass.m in Sources */,
				AE770A4516C44513009888C2 /* NSString+HTML.m in Sources */,
				AE770A4916C44D1E009888C2 /* GTMNSString+HTML.m in Sources */,
				AE770A4C16C44E7F009888C2 /* NSString+HTMLStrip.m in Sources */,
				AEDF8C5A16C58A6100B5BCCE /* TableCell.m in Sources */,
			);
			runOnlyForDeploymentPostprocessing = 0;
		};
/* End PBXSourcesBuildPhase section */

/* Begin PBXVariantGroup section */
		AE770A1F16C43694009888C2 /* InfoPlist.strings */ = {
			isa = PBXVariantGroup;
			children = (
				AE770A2016C43694009888C2 /* en */,
			);
			name = InfoPlist.strings;
			sourceTree = "<group>";
		};
		AE770A3116C43695009888C2 /* ViewController.xib */ = {
			isa = PBXVariantGroup;
			children = (
				AE770A3216C43695009888C2 /* en */,
			);
			name = ViewController.xib;
			sourceTree = "<group>";
		};
/* End PBXVariantGroup section */

/* Begin XCBuildConfiguration section */
		AE770A3416C43695009888C2 /* Debug */ = {
			isa = XCBuildConfiguration;
			buildSettings = {
				ALWAYS_SEARCH_USER_PATHS = NO;
				CLANG_CXX_LANGUAGE_STANDARD = "gnu++0x";
				CLANG_CXX_LIBRARY = "libc++";
				CLANG_ENABLE_OBJC_ARC = YES;
				CLANG_WARN_CONSTANT_CONVERSION = YES;
				CLANG_WARN_EMPTY_BODY = YES;
				CLANG_WARN_ENUM_CONVERSION = YES;
				CLANG_WARN_INT_CONVERSION = YES;
				CLANG_WARN__DUPLICATE_METHOD_MATCH = YES;
				CODE_SIGN_IDENTITY = "iPhone Developer: E. Kevin Hall (3S8MJ9MBH8)";
				"CODE_SIGN_IDENTITY[sdk=iphoneos*]" = "iPhone Developer: E. Kevin Hall (3S8MJ9MBH8)";
				COPY_PHASE_STRIP = NO;
				GCC_C_LANGUAGE_STANDARD = gnu99;
				GCC_DYNAMIC_NO_PIC = NO;
				GCC_OPTIMIZATION_LEVEL = 0;
				GCC_PREPROCESSOR_DEFINITIONS = (
					"DEBUG=1",
					"$(inherited)",
				);
				GCC_SYMBOLS_PRIVATE_EXTERN = NO;
				GCC_WARN_ABOUT_RETURN_TYPE = YES;
				GCC_WARN_UNINITIALIZED_AUTOS = YES;
				GCC_WARN_UNUSED_VARIABLE = YES;
				IPHONEOS_DEPLOYMENT_TARGET = 6.1;
				ONLY_ACTIVE_ARCH = YES;
				PROVISIONING_PROFILE = "C367F53A-6CB7-4CE9-AE2F-81081BCA564B";
				"PROVISIONING_PROFILE[sdk=iphoneos*]" = "C367F53A-6CB7-4CE9-AE2F-81081BCA564B";
				SDKROOT = iphoneos;
			};
			name = Debug;
		};
		AE770A3516C43695009888C2 /* Release */ = {
			isa = XCBuildConfiguration;
			buildSettings = {
				ALWAYS_SEARCH_USER_PATHS = NO;
				CLANG_CXX_LANGUAGE_STANDARD = "gnu++0x";
				CLANG_CXX_LIBRARY = "libc++";
				CLANG_ENABLE_OBJC_ARC = YES;
				CLANG_WARN_CONSTANT_CONVERSION = YES;
				CLANG_WARN_EMPTY_BODY = YES;
				CLANG_WARN_ENUM_CONVERSION = YES;
				CLANG_WARN_INT_CONVERSION = YES;
				CLANG_WARN__DUPLICATE_METHOD_MATCH = YES;
				CODE_SIGN_IDENTITY = "iPhone Developer: E. Kevin Hall (3S8MJ9MBH8)";
				"CODE_SIGN_IDENTITY[sdk=iphoneos*]" = "iPhone Developer";
				COPY_PHASE_STRIP = YES;
				GCC_C_LANGUAGE_STANDARD = gnu99;
				GCC_WARN_ABOUT_RETURN_TYPE = YES;
				GCC_WARN_UNINITIALIZED_AUTOS = YES;
				GCC_WARN_UNUSED_VARIABLE = YES;
				IPHONEOS_DEPLOYMENT_TARGET = 6.1;
				OTHER_CFLAGS = "-DNS_BLOCK_ASSERTIONS=1";
				PROVISIONING_PROFILE = "C367F53A-6CB7-4CE9-AE2F-81081BCA564B";
				SDKROOT = iphoneos;
				VALIDATE_PRODUCT = YES;
			};
			name = Release;
		};
		AE770A3716C43695009888C2 /* Debug */ = {
			isa = XCBuildConfiguration;
			baseConfigurationReference = 76F3DFE07BA54FB8BB41F64F /* Pods.xcconfig */;
			buildSettings = {
				FRAMEWORK_SEARCH_PATHS = (
					"$(inherited)",
					"\"$(SRCROOT)\"",
					"\"$(SRCROOT)/Pixate/Frameworks\"",
				);
				GCC_PRECOMPILE_PREFIX_HEADER = YES;
				GCC_PREFIX_HEADER = "who-icd/who-icd-Prefix.pch";
				INFOPLIST_FILE = "who-icd/who-icd-Info.plist";
				PRODUCT_NAME = "$(TARGET_NAME)";
				WRAPPER_EXTENSION = app;
			};
			name = Debug;
		};
		AE770A3816C43695009888C2 /* Release */ = {
			isa = XCBuildConfiguration;
			baseConfigurationReference = 76F3DFE07BA54FB8BB41F64F /* Pods.xcconfig */;
			buildSettings = {
				FRAMEWORK_SEARCH_PATHS = (
					"$(inherited)",
					"\"$(SRCROOT)\"",
					"\"$(SRCROOT)/Pixate/Frameworks\"",
				);
				GCC_PRECOMPILE_PREFIX_HEADER = YES;
				GCC_PREFIX_HEADER = "who-icd/who-icd-Prefix.pch";
				INFOPLIST_FILE = "who-icd/who-icd-Info.plist";
				PRODUCT_NAME = "$(TARGET_NAME)";
				WRAPPER_EXTENSION = app;
			};
			name = Release;
		};
/* End XCBuildConfiguration section */

/* Begin XCConfigurationList section */
		AE770A0E16C43694009888C2 /* Build configuration list for PBXProject "who-icd" */ = {
			isa = XCConfigurationList;
			buildConfigurations = (
				AE770A3416C43695009888C2 /* Debug */,
				AE770A3516C43695009888C2 /* Release */,
			);
			defaultConfigurationIsVisible = 0;
			defaultConfigurationName = Release;
		};
		AE770A3616C43695009888C2 /* Build configuration list for PBXNativeTarget "who-icd" */ = {
			isa = XCConfigurationList;
			buildConfigurations = (
				AE770A3716C43695009888C2 /* Debug */,
				AE770A3816C43695009888C2 /* Release */,
			);
			defaultConfigurationIsVisible = 0;
			defaultConfigurationName = Release;
		};
/* End XCConfigurationList section */
	};
	rootObject = AE770A0B16C43694009888C2 /* Project object */;
}
